
Microsoft Visual Studio Solution File, Format Version 12.00
# Visual Studio Version 16
VisualStudioVersion = 16.0.30503.244
MinimumVisualStudioVersion = 10.0.40219.1
Project("{FAE04EC0-301F-11D3-BF4B-00C04F79EFBC}") = "TpChats", "TpChats\TpChats.csproj", "{B1224B1E-125A-4370-9F27-7335F0D74DE5}"
EndProject
Global
	GlobalSection(SolutionConfigurationPlatforms) = preSolution
		Debug|Any CPU = Debug|Any CPU
		Release|Any CPU = Release|Any CPU
	EndGlobalSection
	GlobalSection(ProjectConfigurationPlatforms) = postSolution
		{B1224B1E-125A-4370-9F27-7335F0D74DE5}.Debug|Any CPU.ActiveCfg = Debug|Any CPU
		{B1224B1E-125A-4370-9F27-7335F0D74DE5}.Debug|Any CPU.Build.0 = Debug|Any CPU
		{B1224B1E-125A-4370-9F27-7335F0D74DE5}.Release|Any CPU.ActiveCfg = Release|Any CPU
		{B1224B1E-125A-4370-9F27-7335F0D74DE5}.Release|Any CPU.Build.0 = Release|Any CPU
	EndGlobalSection
	GlobalSection(SolutionProperties) = preSolution
		HideSolutionNode = FALSE
	EndGlobalSection
	GlobalSection(ExtensibilityGlobals) = postSolution
		SolutionGuid = {D0CCE4CA-4750-4B3D-8CAD-4B56F4078AAA}
	EndGlobalSection
EndGlobal
