
Microsoft Visual Studio Solution File, Format Version 12.00
# Visual Studio Version 16
VisualStudioVersion = 16.0.30503.244
MinimumVisualStudioVersion = 10.0.40219.1
Project("{FAE04EC0-301F-11D3-BF4B-00C04F79EFBC}") = "TestAppWebAvecBdd", "TestAppWebAvecBdd\TestAppWebAvecBdd.csproj", "{8A64D2E8-0A51-436E-89D0-D1D4FA7005AD}"
EndProject
Global
	GlobalSection(SolutionConfigurationPlatforms) = preSolution
		Debug|Any CPU = Debug|Any CPU
		Release|Any CPU = Release|Any CPU
	EndGlobalSection
	GlobalSection(ProjectConfigurationPlatforms) = postSolution
		{8A64D2E8-0A51-436E-89D0-D1D4FA7005AD}.Debug|Any CPU.ActiveCfg = Debug|Any CPU
		{8A64D2E8-0A51-436E-89D0-D1D4FA7005AD}.Debug|Any CPU.Build.0 = Debug|Any CPU
		{8A64D2E8-0A51-436E-89D0-D1D4FA7005AD}.Release|Any CPU.ActiveCfg = Release|Any CPU
		{8A64D2E8-0A51-436E-89D0-D1D4FA7005AD}.Release|Any CPU.Build.0 = Release|Any CPU
	EndGlobalSection
	GlobalSection(SolutionProperties) = preSolution
		HideSolutionNode = FALSE
	EndGlobalSection
	GlobalSection(ExtensibilityGlobals) = postSolution
		SolutionGuid = {09509FE4-41E7-4A22-871F-D2925F8B2074}
	EndGlobalSection
EndGlobal
